PODS:
  - UserDefaultsProxy (0.2.1-beta)

DEPENDENCIES:
  - UserDefaultsProxy (from `../`)

EXTERNAL SOURCES:
  UserDefaultsProxy:
    :path: ../

SPEC CHECKSUMS:
  UserDefaultsProxy: 38e0415471374c67573b2aa73798a87eac89a236

PODFILE CHECKSUM: 962c5ec7988c37fe12d952b48d817670cd5f499c

COCOAPODS: 1.3.1
